
Microsoft Visual Studio Solution File, Format Version 12.00
Project("{FAE04EC0-301F-11D3-BF4B-00C04F79EFBC}") = "VirtualMechKeyboard", "VirtualMechKeyboard\VirtualMechKeyboard.csproj", "{C5904DCD-187E-4451-873A-9F24E21EDD2D}"
EndProject
Global
	GlobalSection(SolutionConfigurationPlatforms) = preSolution
		Debug|Any CPU = Debug|Any CPU
		Release|Any CPU = Release|Any CPU
	EndGlobalSection
	GlobalSection(ProjectConfigurationPlatforms) = postSolution
		{C5904DCD-187E-4451-873A-9F24E21EDD2D}.Debug|Any CPU.ActiveCfg = Debug|Any CPU
		{C5904DCD-187E-4451-873A-9F24E21EDD2D}.Debug|Any CPU.Build.0 = Debug|Any CPU
		{C5904DCD-187E-4451-873A-9F24E21EDD2D}.Release|Any CPU.ActiveCfg = Release|Any CPU
		{C5904DCD-187E-4451-873A-9F24E21EDD2D}.Release|Any CPU.Build.0 = Release|Any CPU
	EndGlobalSection
EndGlobal
